
Microsoft Visual Studio Solution File, Format Version 12.00
# Visual Studio Version 17
VisualStudioVersion = 17.4.33110.190
MinimumVisualStudioVersion = 10.0.40219.1
Project("{FAE04EC0-301F-11D3-BF4B-00C04F79EFBC}") = "1000", "1000\1000.csproj", "{6B13FCC9-EBAF-42CD-89F0-7312E496F3FF}"
EndProject
Project("{FAE04EC0-301F-11D3-BF4B-00C04F79EFBC}") = "1001", "1001\1001.csproj", "{F88F5F3A-0D0D-4D8C-AF5F-D7C5118FF7C1}"
EndProject
Project("{FAE04EC0-301F-11D3-BF4B-00C04F79EFBC}") = "1002", "1002\1002.csproj", "{C762DF90-E20B-484D-BA57-9538ED72E8C0}"
EndProject
Project("{FAE04EC0-301F-11D3-BF4B-00C04F79EFBC}") = "1003", "1003\1003.csproj", "{B1038BC2-FAE7-43E9-834C-156E31169253}"
EndProject
Project("{FAE04EC0-301F-11D3-BF4B-00C04F79EFBC}") = "1004", "1004\1004.csproj", "{0D5EA5D9-0B38-4F62-96F2-CA97D07A6C25}"
EndProject
Project("{FAE04EC0-301F-11D3-BF4B-00C04F79EFBC}") = "1005", "1005\1005.csproj", "{B4C27A6C-1E91-4A66-8B5C-8433592CE73E}"
EndProject
Project("{FAE04EC0-301F-11D3-BF4B-00C04F79EFBC}") = "1006", "1006\1006.csproj", "{9CD27C56-7085-4355-971E-9C2320FCA381}"
EndProject
Project("{FAE04EC0-301F-11D3-BF4B-00C04F79EFBC}") = "1007", "1007\1007.csproj", "{2832CA21-895B-47F6-B24C-F236C787522C}"
EndProject
Project("{FAE04EC0-301F-11D3-BF4B-00C04F79EFBC}") = "1008", "1008\1008.csproj", "{6588EB8F-8B8D-447B-BDEC-9D7FF5902C25}"
EndProject
Project("{FAE04EC0-301F-11D3-BF4B-00C04F79EFBC}") = "1009", "1009\1009.csproj", "{E9AD916A-57AA-4CED-9DD9-EC241A9A87E9}"
EndProject
Project("{FAE04EC0-301F-11D3-BF4B-00C04F79EFBC}") = "1010", "1010\1010.csproj", "{8D04037F-390F-445F-A8DB-8469270465AD}"
EndProject
Project("{FAE04EC0-301F-11D3-BF4B-00C04F79EFBC}") = "1011", "1011\1011.csproj", "{4F72910F-30DA-44CE-B715-81DDE34C2B53}"
EndProject
Project("{FAE04EC0-301F-11D3-BF4B-00C04F79EFBC}") = "1012", "1012\1012.csproj", "{E5DC8CB9-F90E-43B7-B47E-C91CC154D8AA}"
EndProject
Project("{FAE04EC0-301F-11D3-BF4B-00C04F79EFBC}") = "1013", "1013\1013.csproj", "{BCF37B83-D2DD-494F-82DE-E6297355ECEA}"
EndProject
Project("{FAE04EC0-301F-11D3-BF4B-00C04F79EFBC}") = "1014", "1014\1014.csproj", "{6114F15A-FC42-41AB-8E98-9EC47DDCF13B}"
EndProject
Project("{FAE04EC0-301F-11D3-BF4B-00C04F79EFBC}") = "1015", "1015\1015.csproj", "{2CBF51A1-DAD7-498C-84BF-520DAE727984}"
EndProject
Project("{FAE04EC0-301F-11D3-BF4B-00C04F79EFBC}") = "1016", "1016\1016.csproj", "{D726B195-DEBF-466F-BF69-8F626296DC39}"
EndProject
Project("{FAE04EC0-301F-11D3-BF4B-00C04F79EFBC}") = "1017", "1017\1017.csproj", "{3445A405-B7F6-427A-A5A4-6B9AEAFDEA95}"
EndProject
Project("{FAE04EC0-301F-11D3-BF4B-00C04F79EFBC}") = "1018", "1018\1018.csproj", "{36FABBC8-2566-4D74-AF5E-021807C41102}"
EndProject
Project("{FAE04EC0-301F-11D3-BF4B-00C04F79EFBC}") = "1019", "1019\1019.csproj", "{626A442D-B973-498E-8B4A-0331A4BDBF91}"
EndProject
Project("{FAE04EC0-301F-11D3-BF4B-00C04F79EFBC}") = "1020", "1020\1020.csproj", "{7B765A31-93B1-4EAC-B9EE-77CC81E377B1}"
EndProject
Project("{FAE04EC0-301F-11D3-BF4B-00C04F79EFBC}") = "1021", "1021\1021.csproj", "{137C505A-3DFC-40B4-A245-9D81859B88B7}"
EndProject
Global
	GlobalSection(SolutionConfigurationPlatforms) = preSolution
		Debug|Any CPU = Debug|Any CPU
		Release|Any CPU = Release|Any CPU
	EndGlobalSection
	GlobalSection(ProjectConfigurationPlatforms) = postSolution
		{6B13FCC9-EBAF-42CD-89F0-7312E496F3FF}.Debug|Any CPU.ActiveCfg = Debug|Any CPU
		{6B13FCC9-EBAF-42CD-89F0-7312E496F3FF}.Debug|Any CPU.Build.0 = Debug|Any CPU
		{6B13FCC9-EBAF-42CD-89F0-7312E496F3FF}.Release|Any CPU.ActiveCfg = Release|Any CPU
		{6B13FCC9-EBAF-42CD-89F0-7312E496F3FF}.Release|Any CPU.Build.0 = Release|Any CPU
		{F88F5F3A-0D0D-4D8C-AF5F-D7C5118FF7C1}.Debug|Any CPU.ActiveCfg = Debug|Any CPU
		{F88F5F3A-0D0D-4D8C-AF5F-D7C5118FF7C1}.Debug|Any CPU.Build.0 = Debug|Any CPU
		{F88F5F3A-0D0D-4D8C-AF5F-D7C5118FF7C1}.Release|Any CPU.ActiveCfg = Release|Any CPU
		{F88F5F3A-0D0D-4D8C-AF5F-D7C5118FF7C1}.Release|Any CPU.Build.0 = Release|Any CPU
		{C762DF90-E20B-484D-BA57-9538ED72E8C0}.Debug|Any CPU.ActiveCfg = Debug|Any CPU
		{C762DF90-E20B-484D-BA57-9538ED72E8C0}.Debug|Any CPU.Build.0 = Debug|Any CPU
		{C762DF90-E20B-484D-BA57-9538ED72E8C0}.Release|Any CPU.ActiveCfg = Release|Any CPU
		{C762DF90-E20B-484D-BA57-9538ED72E8C0}.Release|Any CPU.Build.0 = Release|Any CPU
		{B1038BC2-FAE7-43E9-834C-156E31169253}.Debug|Any CPU.ActiveCfg = Debug|Any CPU
		{B1038BC2-FAE7-43E9-834C-156E31169253}.Debug|Any CPU.Build.0 = Debug|Any CPU
		{B1038BC2-FAE7-43E9-834C-156E31169253}.Release|Any CPU.ActiveCfg = Release|Any CPU
		{B1038BC2-FAE7-43E9-834C-156E31169253}.Release|Any CPU.Build.0 = Release|Any CPU
		{0D5EA5D9-0B38-4F62-96F2-CA97D07A6C25}.Debug|Any CPU.ActiveCfg = Debug|Any CPU
		{0D5EA5D9-0B38-4F62-96F2-CA97D07A6C25}.Debug|Any CPU.Build.0 = Debug|Any CPU
		{0D5EA5D9-0B38-4F62-96F2-CA97D07A6C25}.Release|Any CPU.ActiveCfg = Release|Any CPU
		{0D5EA5D9-0B38-4F62-96F2-CA97D07A6C25}.Release|Any CPU.Build.0 = Release|Any CPU
		{B4C27A6C-1E91-4A66-8B5C-8433592CE73E}.Debug|Any CPU.ActiveCfg = Debug|Any CPU
		{B4C27A6C-1E91-4A66-8B5C-8433592CE73E}.Debug|Any CPU.Build.0 = Debug|Any CPU
		{B4C27A6C-1E91-4A66-8B5C-8433592CE73E}.Release|Any CPU.ActiveCfg = Release|Any CPU
		{B4C27A6C-1E91-4A66-8B5C-8433592CE73E}.Release|Any CPU.Build.0 = Release|Any CPU
		{9CD27C56-7085-4355-971E-9C2320FCA381}.Debug|Any CPU.ActiveCfg = Debug|Any CPU
		{9CD27C56-7085-4355-971E-9C2320FCA381}.Debug|Any CPU.Build.0 = Debug|Any CPU
		{9CD27C56-7085-4355-971E-9C2320FCA381}.Release|Any CPU.ActiveCfg = Release|Any CPU
		{9CD27C56-7085-4355-971E-9C2320FCA381}.Release|Any CPU.Build.0 = Release|Any CPU
		{2832CA21-895B-47F6-B24C-F236C787522C}.Debug|Any CPU.ActiveCfg = Debug|Any CPU
		{2832CA21-895B-47F6-B24C-F236C787522C}.Debug|Any CPU.Build.0 = Debug|Any CPU
		{2832CA21-895B-47F6-B24C-F236C787522C}.Release|Any CPU.ActiveCfg = Release|Any CPU
		{2832CA21-895B-47F6-B24C-F236C787522C}.Release|Any CPU.Build.0 = Release|Any CPU
		{6588EB8F-8B8D-447B-BDEC-9D7FF5902C25}.Debug|Any CPU.ActiveCfg = Debug|Any CPU
		{6588EB8F-8B8D-447B-BDEC-9D7FF5902C25}.Debug|Any CPU.Build.0 = Debug|Any CPU
		{6588EB8F-8B8D-447B-BDEC-9D7FF5902C25}.Release|Any CPU.ActiveCfg = Release|Any CPU
		{6588EB8F-8B8D-447B-BDEC-9D7FF5902C25}.Release|Any CPU.Build.0 = Release|Any CPU
		{E9AD916A-57AA-4CED-9DD9-EC241A9A87E9}.Debug|Any CPU.ActiveCfg = Debug|Any CPU
		{E9AD916A-57AA-4CED-9DD9-EC241A9A87E9}.Debug|Any CPU.Build.0 = Debug|Any CPU
		{E9AD916A-57AA-4CED-9DD9-EC241A9A87E9}.Release|Any CPU.ActiveCfg = Release|Any CPU
		{E9AD916A-57AA-4CED-9DD9-EC241A9A87E9}.Release|Any CPU.Build.0 = Release|Any CPU
		{8D04037F-390F-445F-A8DB-8469270465AD}.Debug|Any CPU.ActiveCfg = Debug|Any CPU
		{8D04037F-390F-445F-A8DB-8469270465AD}.Debug|Any CPU.Build.0 = Debug|Any CPU
		{8D04037F-390F-445F-A8DB-8469270465AD}.Release|Any CPU.ActiveCfg = Release|Any CPU
		{8D04037F-390F-445F-A8DB-8469270465AD}.Release|Any CPU.Build.0 = Release|Any CPU
		{4F72910F-30DA-44CE-B715-81DDE34C2B53}.Debug|Any CPU.ActiveCfg = Debug|Any CPU
		{4F72910F-30DA-44CE-B715-81DDE34C2B53}.Debug|Any CPU.Build.0 = Debug|Any CPU
		{4F72910F-30DA-44CE-B715-81DDE34C2B53}.Release|Any CPU.ActiveCfg = Release|Any CPU
		{4F72910F-30DA-44CE-B715-81DDE34C2B53}.Release|Any CPU.Build.0 = Release|Any CPU
		{E5DC8CB9-F90E-43B7-B47E-C91CC154D8AA}.Debug|Any CPU.ActiveCfg = Debug|Any CPU
		{E5DC8CB9-F90E-43B7-B47E-C91CC154D8AA}.Debug|Any CPU.Build.0 = Debug|Any CPU
		{E5DC8CB9-F90E-43B7-B47E-C91CC154D8AA}.Release|Any CPU.ActiveCfg = Release|Any CPU
		{E5DC8CB9-F90E-43B7-B47E-C91CC154D8AA}.Release|Any CPU.Build.0 = Release|Any CPU
		{BCF37B83-D2DD-494F-82DE-E6297355ECEA}.Debug|Any CPU.ActiveCfg = Debug|Any CPU
		{BCF37B83-D2DD-494F-82DE-E6297355ECEA}.Debug|Any CPU.Build.0 = Debug|Any CPU
		{BCF37B83-D2DD-494F-82DE-E6297355ECEA}.Release|Any CPU.ActiveCfg = Release|Any CPU
		{BCF37B83-D2DD-494F-82DE-E6297355ECEA}.Release|Any CPU.Build.0 = Release|Any CPU
		{6114F15A-FC42-41AB-8E98-9EC47DDCF13B}.Debug|Any CPU.ActiveCfg = Debug|Any CPU
		{6114F15A-FC42-41AB-8E98-9EC47DDCF13B}.Debug|Any CPU.Build.0 = Debug|Any CPU
		{6114F15A-FC42-41AB-8E98-9EC47DDCF13B}.Release|Any CPU.ActiveCfg = Release|Any CPU
		{6114F15A-FC42-41AB-8E98-9EC47DDCF13B}.Release|Any CPU.Build.0 = Release|Any CPU
		{2CBF51A1-DAD7-498C-84BF-520DAE727984}.Debug|Any CPU.ActiveCfg = Debug|Any CPU
		{2CBF51A1-DAD7-498C-84BF-520DAE727984}.Debug|Any CPU.Build.0 = Debug|Any CPU
		{2CBF51A1-DAD7-498C-84BF-520DAE727984}.Release|Any CPU.ActiveCfg = Release|Any CPU
		{2CBF51A1-DAD7-498C-84BF-520DAE727984}.Release|Any CPU.Build.0 = Release|Any CPU
		{D726B195-DEBF-466F-BF69-8F626296DC39}.Debug|Any CPU.ActiveCfg = Debug|Any CPU
		{D726B195-DEBF-466F-BF69-8F626296DC39}.Debug|Any CPU.Build.0 = Debug|Any CPU
		{D726B195-DEBF-466F-BF69-8F626296DC39}.Release|Any CPU.ActiveCfg = Release|Any CPU
		{D726B195-DEBF-466F-BF69-8F626296DC39}.Release|Any CPU.Build.0 = Release|Any CPU
		{3445A405-B7F6-427A-A5A4-6B9AEAFDEA95}.Debug|Any CPU.ActiveCfg = Debug|Any CPU
		{3445A405-B7F6-427A-A5A4-6B9AEAFDEA95}.Debug|Any CPU.Build.0 = Debug|Any CPU
		{3445A405-B7F6-427A-A5A4-6B9AEAFDEA95}.Release|Any CPU.ActiveCfg = Release|Any CPU
		{3445A405-B7F6-427A-A5A4-6B9AEAFDEA95}.Release|Any CPU.Build.0 = Release|Any CPU
		{36FABBC8-2566-4D74-AF5E-021807C41102}.Debug|Any CPU.ActiveCfg = Debug|Any CPU
		{36FABBC8-2566-4D74-AF5E-021807C41102}.Debug|Any CPU.Build.0 = Debug|Any CPU
		{36FABBC8-2566-4D74-AF5E-021807C41102}.Release|Any CPU.ActiveCfg = Release|Any CPU
		{36FABBC8-2566-4D74-AF5E-021807C41102}.Release|Any CPU.Build.0 = Release|Any CPU
		{626A442D-B973-498E-8B4A-0331A4BDBF91}.Debug|Any CPU.ActiveCfg = Debug|Any CPU
		{626A442D-B973-498E-8B4A-0331A4BDBF91}.Debug|Any CPU.Build.0 = Debug|Any CPU
		{626A442D-B973-498E-8B4A-0331A4BDBF91}.Release|Any CPU.ActiveCfg = Release|Any CPU
		{626A442D-B973-498E-8B4A-0331A4BDBF91}.Release|Any CPU.Build.0 = Release|Any CPU
		{7B765A31-93B1-4EAC-B9EE-77CC81E377B1}.Debug|Any CPU.ActiveCfg = Debug|Any CPU
		{7B765A31-93B1-4EAC-B9EE-77CC81E377B1}.Debug|Any CPU.Build.0 = Debug|Any CPU
		{7B765A31-93B1-4EAC-B9EE-77CC81E377B1}.Release|Any CPU.ActiveCfg = Release|Any CPU
		{7B765A31-93B1-4EAC-B9EE-77CC81E377B1}.Release|Any CPU.Build.0 = Release|Any CPU
		{137C505A-3DFC-40B4-A245-9D81859B88B7}.Debug|Any CPU.ActiveCfg = Debug|Any CPU
		{137C505A-3DFC-40B4-A245-9D81859B88B7}.Debug|Any CPU.Build.0 = Debug|Any CPU
		{137C505A-3DFC-40B4-A245-9D81859B88B7}.Release|Any CPU.ActiveCfg = Release|Any CPU
		{137C505A-3DFC-40B4-A245-9D81859B88B7}.Release|Any CPU.Build.0 = Release|Any CPU
	EndGlobalSection
	GlobalSection(SolutionProperties) = preSolution
		HideSolutionNode = FALSE
	EndGlobalSection
	GlobalSection(ExtensibilityGlobals) = postSolution
		SolutionGuid = {909F9946-833C-4726-8AFF-E0C6773071D1}
	EndGlobalSection
EndGlobal
